Microsoft Visual Studio Solution File, Format Version 12.00
# Visual Studio 14
VisualStudioVersion = 14.0.24720.0
MinimumVisualStudioVersion = 10.0.40219.1
Project("{FAE04EC0-301F-11D3-BF4B-00C04F79EFBC}") = "BaitNews.iOS", "BaitNews\BaitNews.iOS\BaitNews.iOS.csproj", "{E0D53868-4C48-48CB-8562-F257930012D4}"
EndProject
Project("{2150E333-8FDC-42A3-9474-1A3956D46DE8}") = "Mobile Apps", "Mobile Apps", "{4304AEFE-DB50-40A4-B536-E60BE47C3397}"
EndProject
Project("{FAE04EC0-301F-11D3-BF4B-00C04F79EFBC}") = "BaitNews.Droid", "BaitNews\BaitNews.Android\BaitNews.Droid.csproj", "{A7B9BA95-7D24-4CD8-AE80-740F1BF4B9EC}"
EndProject
Project("{D954291E-2A0B-460D-934E-DC6B0785DB48}") = "BaitNews.Shared", "BaitNews\BaitNews.Shared\BaitNews.Shared.shproj", "{A3B1BE15-AFB5-4769-8BF1-22541EE678D4}"
EndProject
Project("{2150E333-8FDC-42A3-9474-1A3956D46DE8}") = "Libraries", "Libraries", "{4ADA2868-EE65-482B-BD05-C6B632B8E490}"
EndProject
Project("{FAE04EC0-301F-11D3-BF4B-00C04F79EFBC}") = "AndroidSwipeableCardStack", "BaitNews\AndroidSwipeableCardStack\AndroidSwipeableCardStack.csproj", "{506E70FD-05F7-41F7-BBCB-C20F8477FAEB}"
EndProject
Global
	GlobalSection(SolutionConfigurationPlatforms) = preSolution
		Debug|Any CPU = Debug|Any CPU
		Debug|iPhone = Debug|iPhone
		Debug|iPhoneSimulator = Debug|iPhoneSimulator
		Release|Any CPU = Release|Any CPU
		Release|iPhone = Release|iPhone
		Release|iPhoneSimulator = Release|iPhoneSimulator
	EndGlobalSection
	GlobalSection(ProjectConfigurationPlatforms) = postSolution
		{E0D53868-4C48-48CB-8562-F257930012D4}.Debug|Any CPU.ActiveCfg = Debug|iPhoneSimulator
		{E0D53868-4C48-48CB-8562-F257930012D4}.Debug|iPhone.ActiveCfg = Debug|iPhone
		{E0D53868-4C48-48CB-8562-F257930012D4}.Debug|iPhone.Build.0 = Debug|iPhone
		{E0D53868-4C48-48CB-8562-F257930012D4}.Debug|iPhoneSimulator.ActiveCfg = Debug|iPhoneSimulator
		{E0D53868-4C48-48CB-8562-F257930012D4}.Debug|iPhoneSimulator.Build.0 = Debug|iPhoneSimulator
		{E0D53868-4C48-48CB-8562-F257930012D4}.Release|Any CPU.ActiveCfg = Release|iPhoneSimulator
		{E0D53868-4C48-48CB-8562-F257930012D4}.Release|iPhone.ActiveCfg = Release|iPhone
		{E0D53868-4C48-48CB-8562-F257930012D4}.Release|iPhone.Build.0 = Release|iPhone
		{E0D53868-4C48-48CB-8562-F257930012D4}.Release|iPhoneSimulator.ActiveCfg = Release|iPhoneSimulator
		{E0D53868-4C48-48CB-8562-F257930012D4}.Release|iPhoneSimulator.Build.0 = Release|iPhoneSimulator
		{E0D53868-4C48-48CB-8562-F257930012D4}.Debug|Any CPU.Build.0 = Debug|iPhoneSimulator
		{A7B9BA95-7D24-4CD8-AE80-740F1BF4B9EC}.Debug|Any CPU.ActiveCfg = Debug|Any CPU
		{A7B9BA95-7D24-4CD8-AE80-740F1BF4B9EC}.Debug|Any CPU.Build.0 = Debug|Any CPU
		{A7B9BA95-7D24-4CD8-AE80-740F1BF4B9EC}.Debug|iPhone.ActiveCfg = Debug|Any CPU
		{A7B9BA95-7D24-4CD8-AE80-740F1BF4B9EC}.Debug|iPhone.Build.0 = Debug|Any CPU
		{A7B9BA95-7D24-4CD8-AE80-740F1BF4B9EC}.Debug|iPhoneSimulator.ActiveCfg = Debug|Any CPU
		{A7B9BA95-7D24-4CD8-AE80-740F1BF4B9EC}.Debug|iPhoneSimulator.Build.0 = Debug|Any CPU
		{A7B9BA95-7D24-4CD8-AE80-740F1BF4B9EC}.Release|Any CPU.ActiveCfg = Release|Any CPU
		{A7B9BA95-7D24-4CD8-AE80-740F1BF4B9EC}.Release|Any CPU.Build.0 = Release|Any CPU
		{A7B9BA95-7D24-4CD8-AE80-740F1BF4B9EC}.Release|iPhone.ActiveCfg = Release|Any CPU
		{A7B9BA95-7D24-4CD8-AE80-740F1BF4B9EC}.Release|iPhone.Build.0 = Release|Any CPU
		{A7B9BA95-7D24-4CD8-AE80-740F1BF4B9EC}.Release|iPhoneSimulator.ActiveCfg = Release|Any CPU
		{A7B9BA95-7D24-4CD8-AE80-740F1BF4B9EC}.Release|iPhoneSimulator.Build.0 = Release|Any CPU
		{506E70FD-05F7-41F7-BBCB-C20F8477FAEB}.Debug|Any CPU.ActiveCfg = Debug|Any CPU
		{506E70FD-05F7-41F7-BBCB-C20F8477FAEB}.Debug|Any CPU.Build.0 = Debug|Any CPU
		{506E70FD-05F7-41F7-BBCB-C20F8477FAEB}.Debug|iPhone.ActiveCfg = Debug|Any CPU
		{506E70FD-05F7-41F7-BBCB-C20F8477FAEB}.Debug|iPhone.Build.0 = Debug|Any CPU
		{506E70FD-05F7-41F7-BBCB-C20F8477FAEB}.Debug|iPhoneSimulator.ActiveCfg = Debug|Any CPU
		{506E70FD-05F7-41F7-BBCB-C20F8477FAEB}.Debug|iPhoneSimulator.Build.0 = Debug|Any CPU
		{506E70FD-05F7-41F7-BBCB-C20F8477FAEB}.Release|Any CPU.ActiveCfg = Release|Any CPU
		{506E70FD-05F7-41F7-BBCB-C20F8477FAEB}.Release|Any CPU.Build.0 = Release|Any CPU
		{506E70FD-05F7-41F7-BBCB-C20F8477FAEB}.Release|iPhone.ActiveCfg = Release|Any CPU
		{506E70FD-05F7-41F7-BBCB-C20F8477FAEB}.Release|iPhone.Build.0 = Release|Any CPU
		{506E70FD-05F7-41F7-BBCB-C20F8477FAEB}.Release|iPhoneSimulator.ActiveCfg = Release|Any CPU
		{506E70FD-05F7-41F7-BBCB-C20F8477FAEB}.Release|iPhoneSimulator.Build.0 = Release|Any CPU
	EndGlobalSection
	GlobalSection(SolutionProperties) = preSolution
		HideSolutionNode = FALSE
	EndGlobalSection
	GlobalSection(NestedProjects) = preSolution
		{E0D53868-4C48-48CB-8562-F257930012D4} = {4304AEFE-DB50-40A4-B536-E60BE47C3397}
		{A7B9BA95-7D24-4CD8-AE80-740F1BF4B9EC} = {4304AEFE-DB50-40A4-B536-E60BE47C3397}
		{A3B1BE15-AFB5-4769-8BF1-22541EE678D4} = {4304AEFE-DB50-40A4-B536-E60BE47C3397}
		{506E70FD-05F7-41F7-BBCB-C20F8477FAEB} = {4ADA2868-EE65-482B-BD05-C6B632B8E490}
	EndGlobalSection
EndGlobal
